
Microsoft Visual Studio Solution File, Format Version 12.00
# Visual Studio Version 16
VisualStudioVersion = 16.0.28705.295
MinimumVisualStudioVersion = 10.0.40219.1
Project("{2150E333-8FDC-42A3-9474-1A3956D46DE8}") = "Mobile", "Mobile", "{CBDE2A30-EF68-4856-AD1C-4A0A12CCC201}"
EndProject
Project("{2150E333-8FDC-42A3-9474-1A3956D46DE8}") = "Api", "Api", "{6C7E2CC0-DA4E-4206-B9B2-7C8CFA86DEA1}"
EndProject
Project("{9A19103F-16F7-4668-BE54-9A1E7A4F7556}") = "PortolWeb.API", "PortolWeb.API\PortolWeb.API.csproj", "{AF9F3B32-8999-4316-9A5A-6223DBC94F03}"
EndProject
Project("{9A19103F-16F7-4668-BE54-9A1E7A4F7556}") = "Portol.Common", "Portol.Common\Portol.Common.csproj", "{63CDB1B7-3466-4D32-96D0-A829435A4F30}"
EndProject
Project("{9A19103F-16F7-4668-BE54-9A1E7A4F7556}") = "PortolWeb.Entities", "PortolWeb.Entities\PortolWeb.Entities.csproj", "{9B84B581-323B-4E70-848E-1F174432C702}"
EndProject
Project("{9A19103F-16F7-4668-BE54-9A1E7A4F7556}") = "PortolWeb.Core", "PortolWeb.Core\PortolWeb.Core.csproj", "{450F71C3-1744-48F0-B4E3-65CD19BD49E1}"
EndProject
Project("{9A19103F-16F7-4668-BE54-9A1E7A4F7556}") = "PortolWeb.DA", "PortolWeb.DA\PortolWeb.DA.csproj", "{B6DE9103-973E-4E31-9EB3-F9AEC4AEE7CA}"
EndProject
Project("{2150E333-8FDC-42A3-9474-1A3956D46DE8}") = "Test", "Test", "{9184C4E9-55F7-4320-B9A4-27891AE38A74}"
EndProject
Project("{9A19103F-16F7-4668-BE54-9A1E7A4F7556}") = "PortolMobile.Services", "PortolMobile.Services\PortolMobile.Services.csproj", "{F8F18404-A687-4A41-9884-986D15A9AC8E}"
EndProject
Project("{FAE04EC0-301F-11D3-BF4B-00C04F79EFBC}") = "PortolMobile.Forms.Android", "PortolMobile.Forms\PortolMobile.Forms.Android\PortolMobile.Forms.Android.csproj", "{53BFBE3A-A31D-44BD-9E3D-1CDC7CD0BAFE}"
EndProject
Project("{FAE04EC0-301F-11D3-BF4B-00C04F79EFBC}") = "PortolMobile.Forms.iOS", "PortolMobile.Forms\PortolMobile.Forms.iOS\PortolMobile.Forms.iOS.csproj", "{0FE5AAEF-B74D-4103-8481-FEAAF0ED7EA8}"
EndProject
Project("{FAE04EC0-301F-11D3-BF4B-00C04F79EFBC}") = "PortolMobile.Forms.UWP", "PortolMobile.Forms\PortolMobile.Forms.UWP\PortolMobile.Forms.UWP.csproj", "{426337C1-EC90-4103-BA7E-773070D1B546}"
EndProject
Project("{9A19103F-16F7-4668-BE54-9A1E7A4F7556}") = "PortolMobile.Forms", "PortolMobile.Forms\PortolMobile.Forms\PortolMobile.Forms.csproj", "{F99FC914-3341-47CF-B1A0-0FD7AF4863A7}"
EndProject
Project("{FAE04EC0-301F-11D3-BF4B-00C04F79EFBC}") = "PortolMobile.GeneralTest", "PortolMobile.GeneralTest\PortolMobile.GeneralTest.csproj", "{B9890C25-6722-41D6-9CF6-AB81663ADF64}"
EndProject
Global
	GlobalSection(SolutionConfigurationPlatforms) = preSolution
		Debug|Any CPU = Debug|Any CPU
		Debug|ARM = Debug|ARM
		Debug|iPhone = Debug|iPhone
		Debug|iPhoneSimulator = Debug|iPhoneSimulator
		Debug|x64 = Debug|x64
		Debug|x86 = Debug|x86
		Release|Any CPU = Release|Any CPU
		Release|ARM = Release|ARM
		Release|iPhone = Release|iPhone
		Release|iPhoneSimulator = Release|iPhoneSimulator
		Release|x64 = Release|x64
		Release|x86 = Release|x86
	EndGlobalSection
	GlobalSection(ProjectConfigurationPlatforms) = postSolution
		{AF9F3B32-8999-4316-9A5A-6223DBC94F03}.Debug|Any CPU.ActiveCfg = Debug|Any CPU
		{AF9F3B32-8999-4316-9A5A-6223DBC94F03}.Debug|Any CPU.Build.0 = Debug|Any CPU
		{AF9F3B32-8999-4316-9A5A-6223DBC94F03}.Debug|ARM.ActiveCfg = Debug|Any CPU
		{AF9F3B32-8999-4316-9A5A-6223DBC94F03}.Debug|ARM.Build.0 = Debug|Any CPU
		{AF9F3B32-8999-4316-9A5A-6223DBC94F03}.Debug|iPhone.ActiveCfg = Debug|Any CPU
		{AF9F3B32-8999-4316-9A5A-6223DBC94F03}.Debug|iPhone.Build.0 = Debug|Any CPU
		{AF9F3B32-8999-4316-9A5A-6223DBC94F03}.Debug|iPhoneSimulator.ActiveCfg = Debug|Any CPU
		{AF9F3B32-8999-4316-9A5A-6223DBC94F03}.Debug|iPhoneSimulator.Build.0 = Debug|Any CPU
		{AF9F3B32-8999-4316-9A5A-6223DBC94F03}.Debug|x64.ActiveCfg = Debug|Any CPU
		{AF9F3B32-8999-4316-9A5A-6223DBC94F03}.Debug|x64.Build.0 = Debug|Any CPU
		{AF9F3B32-8999-4316-9A5A-6223DBC94F03}.Debug|x86.ActiveCfg = Debug|Any CPU
		{AF9F3B32-8999-4316-9A5A-6223DBC94F03}.Debug|x86.Build.0 = Debug|Any CPU
		{AF9F3B32-8999-4316-9A5A-6223DBC94F03}.Release|Any CPU.ActiveCfg = Release|Any CPU
		{AF9F3B32-8999-4316-9A5A-6223DBC94F03}.Release|Any CPU.Build.0 = Release|Any CPU
		{AF9F3B32-8999-4316-9A5A-6223DBC94F03}.Release|ARM.ActiveCfg = Release|Any CPU
		{AF9F3B32-8999-4316-9A5A-6223DBC94F03}.Release|ARM.Build.0 = Release|Any CPU
		{AF9F3B32-8999-4316-9A5A-6223DBC94F03}.Release|iPhone.ActiveCfg = Release|Any CPU
		{AF9F3B32-8999-4316-9A5A-6223DBC94F03}.Release|iPhone.Build.0 = Release|Any CPU
		{AF9F3B32-8999-4316-9A5A-6223DBC94F03}.Release|iPhoneSimulator.ActiveCfg = Release|Any CPU
		{AF9F3B32-8999-4316-9A5A-6223DBC94F03}.Release|iPhoneSimulator.Build.0 = Release|Any CPU
		{AF9F3B32-8999-4316-9A5A-6223DBC94F03}.Release|x64.ActiveCfg = Release|Any CPU
		{AF9F3B32-8999-4316-9A5A-6223DBC94F03}.Release|x64.Build.0 = Release|Any CPU
		{AF9F3B32-8999-4316-9A5A-6223DBC94F03}.Release|x86.ActiveCfg = Release|Any CPU
		{AF9F3B32-8999-4316-9A5A-6223DBC94F03}.Release|x86.Build.0 = Release|Any CPU
		{63CDB1B7-3466-4D32-96D0-A829435A4F30}.Debug|Any CPU.ActiveCfg = Debug|Any CPU
		{63CDB1B7-3466-4D32-96D0-A829435A4F30}.Debug|Any CPU.Build.0 = Debug|Any CPU
		{63CDB1B7-3466-4D32-96D0-A829435A4F30}.Debug|ARM.ActiveCfg = Debug|Any CPU
		{63CDB1B7-3466-4D32-96D0-A829435A4F30}.Debug|ARM.Build.0 = Debug|Any CPU
		{63CDB1B7-3466-4D32-96D0-A829435A4F30}.Debug|iPhone.ActiveCfg = Debug|Any CPU
		{63CDB1B7-3466-4D32-96D0-A829435A4F30}.Debug|iPhone.Build.0 = Debug|Any CPU
		{63CDB1B7-3466-4D32-96D0-A829435A4F30}.Debug|iPhoneSimulator.ActiveCfg = Debug|Any CPU
		{63CDB1B7-3466-4D32-96D0-A829435A4F30}.Debug|iPhoneSimulator.Build.0 = Debug|Any CPU
		{63CDB1B7-3466-4D32-96D0-A829435A4F30}.Debug|x64.ActiveCfg = Debug|Any CPU
		{63CDB1B7-3466-4D32-96D0-A829435A4F30}.Debug|x64.Build.0 = Debug|Any CPU
		{63CDB1B7-3466-4D32-96D0-A829435A4F30}.Debug|x86.ActiveCfg = Debug|Any CPU
		{63CDB1B7-3466-4D32-96D0-A829435A4F30}.Debug|x86.Build.0 = Debug|Any CPU
		{63CDB1B7-3466-4D32-96D0-A829435A4F30}.Release|Any CPU.ActiveCfg = Release|Any CPU
		{63CDB1B7-3466-4D32-96D0-A829435A4F30}.Release|Any CPU.Build.0 = Release|Any CPU
		{63CDB1B7-3466-4D32-96D0-A829435A4F30}.Release|ARM.ActiveCfg = Release|Any CPU
		{63CDB1B7-3466-4D32-96D0-A829435A4F30}.Release|ARM.Build.0 = Release|Any CPU
		{63CDB1B7-3466-4D32-96D0-A829435A4F30}.Release|iPhone.ActiveCfg = Release|Any CPU
		{63CDB1B7-3466-4D32-96D0-A829435A4F30}.Release|iPhone.Build.0 = Release|Any CPU
		{63CDB1B7-3466-4D32-96D0-A829435A4F30}.Release|iPhoneSimulator.ActiveCfg = Release|Any CPU
		{63CDB1B7-3466-4D32-96D0-A829435A4F30}.Release|iPhoneSimulator.Build.0 = Release|Any CPU
		{63CDB1B7-3466-4D32-96D0-A829435A4F30}.Release|x64.ActiveCfg = Release|Any CPU
		{63CDB1B7-3466-4D32-96D0-A829435A4F30}.Release|x64.Build.0 = Release|Any CPU
		{63CDB1B7-3466-4D32-96D0-A829435A4F30}.Release|x86.ActiveCfg = Release|Any CPU
		{63CDB1B7-3466-4D32-96D0-A829435A4F30}.Release|x86.Build.0 = Release|Any CPU
		{9B84B581-323B-4E70-848E-1F174432C702}.Debug|Any CPU.ActiveCfg = Debug|Any CPU
		{9B84B581-323B-4E70-848E-1F174432C702}.Debug|Any CPU.Build.0 = Debug|Any CPU
		{9B84B581-323B-4E70-848E-1F174432C702}.Debug|ARM.ActiveCfg = Debug|Any CPU
		{9B84B581-323B-4E70-848E-1F174432C702}.Debug|ARM.Build.0 = Debug|Any CPU
		{9B84B581-323B-4E70-848E-1F174432C702}.Debug|iPhone.ActiveCfg = Debug|Any CPU
		{9B84B581-323B-4E70-848E-1F174432C702}.Debug|iPhone.Build.0 = Debug|Any CPU
		{9B84B581-323B-4E70-848E-1F174432C702}.Debug|iPhoneSimulator.ActiveCfg = Debug|Any CPU
		{9B84B581-323B-4E70-848E-1F174432C702}.Debug|iPhoneSimulator.Build.0 = Debug|Any CPU
		{9B84B581-323B-4E70-848E-1F174432C702}.Debug|x64.ActiveCfg = Debug|Any CPU
		{9B84B581-323B-4E70-848E-1F174432C702}.Debug|x64.Build.0 = Debug|Any CPU
		{9B84B581-323B-4E70-848E-1F174432C702}.Debug|x86.ActiveCfg = Debug|Any CPU
		{9B84B581-323B-4E70-848E-1F174432C702}.Debug|x86.Build.0 = Debug|Any CPU
		{9B84B581-323B-4E70-848E-1F174432C702}.Release|Any CPU.ActiveCfg = Release|Any CPU
		{9B84B581-323B-4E70-848E-1F174432C702}.Release|Any CPU.Build.0 = Release|Any CPU
		{9B84B581-323B-4E70-848E-1F174432C702}.Release|ARM.ActiveCfg = Release|Any CPU
		{9B84B581-323B-4E70-848E-1F174432C702}.Release|ARM.Build.0 = Release|Any CPU
		{9B84B581-323B-4E70-848E-1F174432C702}.Release|iPhone.ActiveCfg = Release|Any CPU
		{9B84B581-323B-4E70-848E-1F174432C702}.Release|iPhone.Build.0 = Release|Any CPU
		{9B84B581-323B-4E70-848E-1F174432C702}.Release|iPhoneSimulator.ActiveCfg = Release|Any CPU
		{9B84B581-323B-4E70-848E-1F174432C702}.Release|iPhoneSimulator.Build.0 = Release|Any CPU
		{9B84B581-323B-4E70-848E-1F174432C702}.Release|x64.ActiveCfg = Release|Any CPU
		{9B84B581-323B-4E70-848E-1F174432C702}.Release|x64.Build.0 = Release|Any CPU
		{9B84B581-323B-4E70-848E-1F174432C702}.Release|x86.ActiveCfg = Release|Any CPU
		{9B84B581-323B-4E70-848E-1F174432C702}.Release|x86.Build.0 = Release|Any CPU
		{450F71C3-1744-48F0-B4E3-65CD19BD49E1}.Debug|Any CPU.ActiveCfg = Debug|Any CPU
		{450F71C3-1744-48F0-B4E3-65CD19BD49E1}.Debug|Any CPU.Build.0 = Debug|Any CPU
		{450F71C3-1744-48F0-B4E3-65CD19BD49E1}.Debug|ARM.ActiveCfg = Debug|Any CPU
		{450F71C3-1744-48F0-B4E3-65CD19BD49E1}.Debug|ARM.Build.0 = Debug|Any CPU
		{450F71C3-1744-48F0-B4E3-65CD19BD49E1}.Debug|iPhone.ActiveCfg = Debug|Any CPU
		{450F71C3-1744-48F0-B4E3-65CD19BD49E1}.Debug|iPhone.Build.0 = Debug|Any CPU
		{450F71C3-1744-48F0-B4E3-65CD19BD49E1}.Debug|iPhoneSimulator.ActiveCfg = Debug|Any CPU
		{450F71C3-1744-48F0-B4E3-65CD19BD49E1}.Debug|iPhoneSimulator.Build.0 = Debug|Any CPU
		{450F71C3-1744-48F0-B4E3-65CD19BD49E1}.Debug|x64.ActiveCfg = Debug|Any CPU
		{450F71C3-1744-48F0-B4E3-65CD19BD49E1}.Debug|x64.Build.0 = Debug|Any CPU
		{450F71C3-1744-48F0-B4E3-65CD19BD49E1}.Debug|x86.ActiveCfg = Debug|Any CPU
		{450F71C3-1744-48F0-B4E3-65CD19BD49E1}.Debug|x86.Build.0 = Debug|Any CPU
		{450F71C3-1744-48F0-B4E3-65CD19BD49E1}.Release|Any CPU.ActiveCfg = Release|Any CPU
		{450F71C3-1744-48F0-B4E3-65CD19BD49E1}.Release|Any CPU.Build.0 = Release|Any CPU
		{450F71C3-1744-48F0-B4E3-65CD19BD49E1}.Release|ARM.ActiveCfg = Release|Any CPU
		{450F71C3-1744-48F0-B4E3-65CD19BD49E1}.Release|ARM.Build.0 = Release|Any CPU
		{450F71C3-1744-48F0-B4E3-65CD19BD49E1}.Release|iPhone.ActiveCfg = Release|Any CPU
		{450F71C3-1744-48F0-B4E3-65CD19BD49E1}.Release|iPhone.Build.0 = Release|Any CPU
		{450F71C3-1744-48F0-B4E3-65CD19BD49E1}.Release|iPhoneSimulator.ActiveCfg = Release|Any CPU
		{450F71C3-1744-48F0-B4E3-65CD19BD49E1}.Release|iPhoneSimulator.Build.0 = Release|Any CPU
		{450F71C3-1744-48F0-B4E3-65CD19BD49E1}.Release|x64.ActiveCfg = Release|Any CPU
		{450F71C3-1744-48F0-B4E3-65CD19BD49E1}.Release|x64.Build.0 = Release|Any CPU
		{450F71C3-1744-48F0-B4E3-65CD19BD49E1}.Release|x86.ActiveCfg = Release|Any CPU
		{450F71C3-1744-48F0-B4E3-65CD19BD49E1}.Release|x86.Build.0 = Release|Any CPU
		{B6DE9103-973E-4E31-9EB3-F9AEC4AEE7CA}.Debug|Any CPU.ActiveCfg = Debug|Any CPU
		{B6DE9103-973E-4E31-9EB3-F9AEC4AEE7CA}.Debug|Any CPU.Build.0 = Debug|Any CPU
		{B6DE9103-973E-4E31-9EB3-F9AEC4AEE7CA}.Debug|ARM.ActiveCfg = Debug|Any CPU
		{B6DE9103-973E-4E31-9EB3-F9AEC4AEE7CA}.Debug|ARM.Build.0 = Debug|Any CPU
		{B6DE9103-973E-4E31-9EB3-F9AEC4AEE7CA}.Debug|iPhone.ActiveCfg = Debug|Any CPU
		{B6DE9103-973E-4E31-9EB3-F9AEC4AEE7CA}.Debug|iPhone.Build.0 = Debug|Any CPU
		{B6DE9103-973E-4E31-9EB3-F9AEC4AEE7CA}.Debug|iPhoneSimulator.ActiveCfg = Debug|Any CPU
		{B6DE9103-973E-4E31-9EB3-F9AEC4AEE7CA}.Debug|iPhoneSimulator.Build.0 = Debug|Any CPU
		{B6DE9103-973E-4E31-9EB3-F9AEC4AEE7CA}.Debug|x64.ActiveCfg = Debug|Any CPU
		{B6DE9103-973E-4E31-9EB3-F9AEC4AEE7CA}.Debug|x64.Build.0 = Debug|Any CPU
		{B6DE9103-973E-4E31-9EB3-F9AEC4AEE7CA}.Debug|x86.ActiveCfg = Debug|Any CPU
		{B6DE9103-973E-4E31-9EB3-F9AEC4AEE7CA}.Debug|x86.Build.0 = Debug|Any CPU
		{B6DE9103-973E-4E31-9EB3-F9AEC4AEE7CA}.Release|Any CPU.ActiveCfg = Release|Any CPU
		{B6DE9103-973E-4E31-9EB3-F9AEC4AEE7CA}.Release|Any CPU.Build.0 = Release|Any CPU
		{B6DE9103-973E-4E31-9EB3-F9AEC4AEE7CA}.Release|ARM.ActiveCfg = Release|Any CPU
		{B6DE9103-973E-4E31-9EB3-F9AEC4AEE7CA}.Release|ARM.Build.0 = Release|Any CPU
		{B6DE9103-973E-4E31-9EB3-F9AEC4AEE7CA}.Release|iPhone.ActiveCfg = Release|Any CPU
		{B6DE9103-973E-4E31-9EB3-F9AEC4AEE7CA}.Release|iPhone.Build.0 = Release|Any CPU
		{B6DE9103-973E-4E31-9EB3-F9AEC4AEE7CA}.Release|iPhoneSimulator.ActiveCfg = Release|Any CPU
		{B6DE9103-973E-4E31-9EB3-F9AEC4AEE7CA}.Release|iPhoneSimulator.Build.0 = Release|Any CPU
		{B6DE9103-973E-4E31-9EB3-F9AEC4AEE7CA}.Release|x64.ActiveCfg = Release|Any CPU
		{B6DE9103-973E-4E31-9EB3-F9AEC4AEE7CA}.Release|x64.Build.0 = Release|Any CPU
		{B6DE9103-973E-4E31-9EB3-F9AEC4AEE7CA}.Release|x86.ActiveCfg = Release|Any CPU
		{B6DE9103-973E-4E31-9EB3-F9AEC4AEE7CA}.Release|x86.Build.0 = Release|Any CPU
		{F8F18404-A687-4A41-9884-986D15A9AC8E}.Debug|Any CPU.ActiveCfg = Debug|Any CPU
		{F8F18404-A687-4A41-9884-986D15A9AC8E}.Debug|Any CPU.Build.0 = Debug|Any CPU
		{F8F18404-A687-4A41-9884-986D15A9AC8E}.Debug|ARM.ActiveCfg = Debug|Any CPU
		{F8F18404-A687-4A41-9884-986D15A9AC8E}.Debug|ARM.Build.0 = Debug|Any CPU
		{F8F18404-A687-4A41-9884-986D15A9AC8E}.Debug|iPhone.ActiveCfg = Debug|Any CPU
		{F8F18404-A687-4A41-9884-986D15A9AC8E}.Debug|iPhone.Build.0 = Debug|Any CPU
		{F8F18404-A687-4A41-9884-986D15A9AC8E}.Debug|iPhoneSimulator.ActiveCfg = Debug|Any CPU
		{F8F18404-A687-4A41-9884-986D15A9AC8E}.Debug|iPhoneSimulator.Build.0 = Debug|Any CPU
		{F8F18404-A687-4A41-9884-986D15A9AC8E}.Debug|x64.ActiveCfg = Debug|Any CPU
		{F8F18404-A687-4A41-9884-986D15A9AC8E}.Debug|x64.Build.0 = Debug|Any CPU
		{F8F18404-A687-4A41-9884-986D15A9AC8E}.Debug|x86.ActiveCfg = Debug|Any CPU
		{F8F18404-A687-4A41-9884-986D15A9AC8E}.Debug|x86.Build.0 = Debug|Any CPU
		{F8F18404-A687-4A41-9884-986D15A9AC8E}.Release|Any CPU.ActiveCfg = Release|Any CPU
		{F8F18404-A687-4A41-9884-986D15A9AC8E}.Release|Any CPU.Build.0 = Release|Any CPU
		{F8F18404-A687-4A41-9884-986D15A9AC8E}.Release|ARM.ActiveCfg = Release|Any CPU
		{F8F18404-A687-4A41-9884-986D15A9AC8E}.Release|ARM.Build.0 = Release|Any CPU
		{F8F18404-A687-4A41-9884-986D15A9AC8E}.Release|iPhone.ActiveCfg = Release|Any CPU
		{F8F18404-A687-4A41-9884-986D15A9AC8E}.Release|iPhone.Build.0 = Release|Any CPU
		{F8F18404-A687-4A41-9884-986D15A9AC8E}.Release|iPhoneSimulator.ActiveCfg = Release|Any CPU
		{F8F18404-A687-4A41-9884-986D15A9AC8E}.Release|iPhoneSimulator.Build.0 = Release|Any CPU
		{F8F18404-A687-4A41-9884-986D15A9AC8E}.Release|x64.ActiveCfg = Release|Any CPU
		{F8F18404-A687-4A41-9884-986D15A9AC8E}.Release|x64.Build.0 = Release|Any CPU
		{F8F18404-A687-4A41-9884-986D15A9AC8E}.Release|x86.ActiveCfg = Release|Any CPU
		{F8F18404-A687-4A41-9884-986D15A9AC8E}.Release|x86.Build.0 = Release|Any CPU
		{53BFBE3A-A31D-44BD-9E3D-1CDC7CD0BAFE}.Debug|Any CPU.ActiveCfg = Debug|Any CPU
		{53BFBE3A-A31D-44BD-9E3D-1CDC7CD0BAFE}.Debug|Any CPU.Build.0 = Debug|Any CPU
		{53BFBE3A-A31D-44BD-9E3D-1CDC7CD0BAFE}.Debug|Any CPU.Deploy.0 = Debug|Any CPU
		{53BFBE3A-A31D-44BD-9E3D-1CDC7CD0BAFE}.Debug|ARM.ActiveCfg = Debug|Any CPU
		{53BFBE3A-A31D-44BD-9E3D-1CDC7CD0BAFE}.Debug|ARM.Build.0 = Debug|Any CPU
		{53BFBE3A-A31D-44BD-9E3D-1CDC7CD0BAFE}.Debug|ARM.Deploy.0 = Debug|Any CPU
		{53BFBE3A-A31D-44BD-9E3D-1CDC7CD0BAFE}.Debug|iPhone.ActiveCfg = Debug|Any CPU
		{53BFBE3A-A31D-44BD-9E3D-1CDC7CD0BAFE}.Debug|iPhone.Build.0 = Debug|Any CPU
		{53BFBE3A-A31D-44BD-9E3D-1CDC7CD0BAFE}.Debug|iPhone.Deploy.0 = Debug|Any CPU
		{53BFBE3A-A31D-44BD-9E3D-1CDC7CD0BAFE}.Debug|iPhoneSimulator.ActiveCfg = Debug|Any CPU
		{53BFBE3A-A31D-44BD-9E3D-1CDC7CD0BAFE}.Debug|iPhoneSimulator.Build.0 = Debug|Any CPU
		{53BFBE3A-A31D-44BD-9E3D-1CDC7CD0BAFE}.Debug|iPhoneSimulator.Deploy.0 = Debug|Any CPU
		{53BFBE3A-A31D-44BD-9E3D-1CDC7CD0BAFE}.Debug|x64.ActiveCfg = Debug|Any CPU
		{53BFBE3A-A31D-44BD-9E3D-1CDC7CD0BAFE}.Debug|x64.Build.0 = Debug|Any CPU
		{53BFBE3A-A31D-44BD-9E3D-1CDC7CD0BAFE}.Debug|x64.Deploy.0 = Debug|Any CPU
		{53BFBE3A-A31D-44BD-9E3D-1CDC7CD0BAFE}.Debug|x86.ActiveCfg = Debug|Any CPU
		{53BFBE3A-A31D-44BD-9E3D-1CDC7CD0BAFE}.Debug|x86.Build.0 = Debug|Any CPU
		{53BFBE3A-A31D-44BD-9E3D-1CDC7CD0BAFE}.Debug|x86.Deploy.0 = Debug|Any CPU
		{53BFBE3A-A31D-44BD-9E3D-1CDC7CD0BAFE}.Release|Any CPU.ActiveCfg = Release|Any CPU
		{53BFBE3A-A31D-44BD-9E3D-1CDC7CD0BAFE}.Release|Any CPU.Build.0 = Release|Any CPU
		{53BFBE3A-A31D-44BD-9E3D-1CDC7CD0BAFE}.Release|Any CPU.Deploy.0 = Release|Any CPU
		{53BFBE3A-A31D-44BD-9E3D-1CDC7CD0BAFE}.Release|ARM.ActiveCfg = Release|Any CPU
		{53BFBE3A-A31D-44BD-9E3D-1CDC7CD0BAFE}.Release|ARM.Build.0 = Release|Any CPU
		{53BFBE3A-A31D-44BD-9E3D-1CDC7CD0BAFE}.Release|ARM.Deploy.0 = Release|Any CPU
		{53BFBE3A-A31D-44BD-9E3D-1CDC7CD0BAFE}.Release|iPhone.ActiveCfg = Release|Any CPU
		{53BFBE3A-A31D-44BD-9E3D-1CDC7CD0BAFE}.Release|iPhone.Build.0 = Release|Any CPU
		{53BFBE3A-A31D-44BD-9E3D-1CDC7CD0BAFE}.Release|iPhone.Deploy.0 = Release|Any CPU
		{53BFBE3A-A31D-44BD-9E3D-1CDC7CD0BAFE}.Release|iPhoneSimulator.ActiveCfg = Release|Any CPU
		{53BFBE3A-A31D-44BD-9E3D-1CDC7CD0BAFE}.Release|iPhoneSimulator.Build.0 = Release|Any CPU
		{53BFBE3A-A31D-44BD-9E3D-1CDC7CD0BAFE}.Release|iPhoneSimulator.Deploy.0 = Release|Any CPU
		{53BFBE3A-A31D-44BD-9E3D-1CDC7CD0BAFE}.Release|x64.ActiveCfg = Release|Any CPU
		{53BFBE3A-A31D-44BD-9E3D-1CDC7CD0BAFE}.Release|x64.Build.0 = Release|Any CPU
		{53BFBE3A-A31D-44BD-9E3D-1CDC7CD0BAFE}.Release|x64.Deploy.0 = Release|Any CPU
		{53BFBE3A-A31D-44BD-9E3D-1CDC7CD0BAFE}.Release|x86.ActiveCfg = Release|Any CPU
		{53BFBE3A-A31D-44BD-9E3D-1CDC7CD0BAFE}.Release|x86.Build.0 = Release|Any CPU
		{53BFBE3A-A31D-44BD-9E3D-1CDC7CD0BAFE}.Release|x86.Deploy.0 = Release|Any CPU
		{0FE5AAEF-B74D-4103-8481-FEAAF0ED7EA8}.Debug|Any CPU.ActiveCfg = Debug|iPhone
		{0FE5AAEF-B74D-4103-8481-FEAAF0ED7EA8}.Debug|ARM.ActiveCfg = Debug|iPhone
		{0FE5AAEF-B74D-4103-8481-FEAAF0ED7EA8}.Debug|iPhone.ActiveCfg = Debug|iPhone
		{0FE5AAEF-B74D-4103-8481-FEAAF0ED7EA8}.Debug|iPhone.Build.0 = Debug|iPhone
		{0FE5AAEF-B74D-4103-8481-FEAAF0ED7EA8}.Debug|iPhoneSimulator.ActiveCfg = Debug|iPhoneSimulator
		{0FE5AAEF-B74D-4103-8481-FEAAF0ED7EA8}.Debug|iPhoneSimulator.Build.0 = Debug|iPhoneSimulator
		{0FE5AAEF-B74D-4103-8481-FEAAF0ED7EA8}.Debug|x64.ActiveCfg = Debug|iPhone
		{0FE5AAEF-B74D-4103-8481-FEAAF0ED7EA8}.Debug|x86.ActiveCfg = Debug|iPhone
		{0FE5AAEF-B74D-4103-8481-FEAAF0ED7EA8}.Release|Any CPU.ActiveCfg = Release|iPhone
		{0FE5AAEF-B74D-4103-8481-FEAAF0ED7EA8}.Release|ARM.ActiveCfg = Release|iPhone
		{0FE5AAEF-B74D-4103-8481-FEAAF0ED7EA8}.Release|iPhone.ActiveCfg = Release|iPhone
		{0FE5AAEF-B74D-4103-8481-FEAAF0ED7EA8}.Release|iPhone.Build.0 = Release|iPhone
		{0FE5AAEF-B74D-4103-8481-FEAAF0ED7EA8}.Release|iPhoneSimulator.ActiveCfg = Release|iPhoneSimulator
		{0FE5AAEF-B74D-4103-8481-FEAAF0ED7EA8}.Release|iPhoneSimulator.Build.0 = Release|iPhoneSimulator
		{0FE5AAEF-B74D-4103-8481-FEAAF0ED7EA8}.Release|x64.ActiveCfg = Release|iPhone
		{0FE5AAEF-B74D-4103-8481-FEAAF0ED7EA8}.Release|x86.ActiveCfg = Release|iPhone
		{426337C1-EC90-4103-BA7E-773070D1B546}.Debug|Any CPU.ActiveCfg = Debug|x86
		{426337C1-EC90-4103-BA7E-773070D1B546}.Debug|ARM.ActiveCfg = Debug|ARM
		{426337C1-EC90-4103-BA7E-773070D1B546}.Debug|ARM.Build.0 = Debug|ARM
		{426337C1-EC90-4103-BA7E-773070D1B546}.Debug|ARM.Deploy.0 = Debug|ARM
		{426337C1-EC90-4103-BA7E-773070D1B546}.Debug|iPhone.ActiveCfg = Debug|x86
		{426337C1-EC90-4103-BA7E-773070D1B546}.Debug|iPhoneSimulator.ActiveCfg = Debug|x86
		{426337C1-EC90-4103-BA7E-773070D1B546}.Debug|x64.ActiveCfg = Debug|x64
		{426337C1-EC90-4103-BA7E-773070D1B546}.Debug|x64.Build.0 = Debug|x64
		{426337C1-EC90-4103-BA7E-773070D1B546}.Debug|x64.Deploy.0 = Debug|x64
		{426337C1-EC90-4103-BA7E-773070D1B546}.Debug|x86.ActiveCfg = Debug|x86
		{426337C1-EC90-4103-BA7E-773070D1B546}.Debug|x86.Build.0 = Debug|x86
		{426337C1-EC90-4103-BA7E-773070D1B546}.Debug|x86.Deploy.0 = Debug|x86
		{426337C1-EC90-4103-BA7E-773070D1B546}.Release|Any CPU.ActiveCfg = Release|x86
		{426337C1-EC90-4103-BA7E-773070D1B546}.Release|ARM.ActiveCfg = Release|ARM
		{426337C1-EC90-4103-BA7E-773070D1B546}.Release|ARM.Build.0 = Release|ARM
		{426337C1-EC90-4103-BA7E-773070D1B546}.Release|ARM.Deploy.0 = Release|ARM
		{426337C1-EC90-4103-BA7E-773070D1B546}.Release|iPhone.ActiveCfg = Release|x86
		{426337C1-EC90-4103-BA7E-773070D1B546}.Release|iPhoneSimulator.ActiveCfg = Release|x86
		{426337C1-EC90-4103-BA7E-773070D1B546}.Release|x64.ActiveCfg = Release|x64
		{426337C1-EC90-4103-BA7E-773070D1B546}.Release|x64.Build.0 = Release|x64
		{426337C1-EC90-4103-BA7E-773070D1B546}.Release|x64.Deploy.0 = Release|x64
		{426337C1-EC90-4103-BA7E-773070D1B546}.Release|x86.ActiveCfg = Release|x86
		{426337C1-EC90-4103-BA7E-773070D1B546}.Release|x86.Build.0 = Release|x86
		{426337C1-EC90-4103-BA7E-773070D1B546}.Release|x86.Deploy.0 = Release|x86
		{F99FC914-3341-47CF-B1A0-0FD7AF4863A7}.Debug|Any CPU.ActiveCfg = Debug|Any CPU
		{F99FC914-3341-47CF-B1A0-0FD7AF4863A7}.Debug|Any CPU.Build.0 = Debug|Any CPU
		{F99FC914-3341-47CF-B1A0-0FD7AF4863A7}.Debug|ARM.ActiveCfg = Debug|Any CPU
		{F99FC914-3341-47CF-B1A0-0FD7AF4863A7}.Debug|ARM.Build.0 = Debug|Any CPU
		{F99FC914-3341-47CF-B1A0-0FD7AF4863A7}.Debug|iPhone.ActiveCfg = Debug|Any CPU
		{F99FC914-3341-47CF-B1A0-0FD7AF4863A7}.Debug|iPhone.Build.0 = Debug|Any CPU
		{F99FC914-3341-47CF-B1A0-0FD7AF4863A7}.Debug|iPhoneSimulator.ActiveCfg = Debug|Any CPU
		{F99FC914-3341-47CF-B1A0-0FD7AF4863A7}.Debug|iPhoneSimulator.Build.0 = Debug|Any CPU
		{F99FC914-3341-47CF-B1A0-0FD7AF4863A7}.Debug|x64.ActiveCfg = Debug|Any CPU
		{F99FC914-3341-47CF-B1A0-0FD7AF4863A7}.Debug|x64.Build.0 = Debug|Any CPU
		{F99FC914-3341-47CF-B1A0-0FD7AF4863A7}.Debug|x86.ActiveCfg = Debug|Any CPU
		{F99FC914-3341-47CF-B1A0-0FD7AF4863A7}.Debug|x86.Build.0 = Debug|Any CPU
		{F99FC914-3341-47CF-B1A0-0FD7AF4863A7}.Release|Any CPU.ActiveCfg = Release|Any CPU
		{F99FC914-3341-47CF-B1A0-0FD7AF4863A7}.Release|Any CPU.Build.0 = Release|Any CPU
		{F99FC914-3341-47CF-B1A0-0FD7AF4863A7}.Release|ARM.ActiveCfg = Release|Any CPU
		{F99FC914-3341-47CF-B1A0-0FD7AF4863A7}.Release|ARM.Build.0 = Release|Any CPU
		{F99FC914-3341-47CF-B1A0-0FD7AF4863A7}.Release|iPhone.ActiveCfg = Release|Any CPU
		{F99FC914-3341-47CF-B1A0-0FD7AF4863A7}.Release|iPhone.Build.0 = Release|Any CPU
		{F99FC914-3341-47CF-B1A0-0FD7AF4863A7}.Release|iPhoneSimulator.ActiveCfg = Release|Any CPU
		{F99FC914-3341-47CF-B1A0-0FD7AF4863A7}.Release|iPhoneSimulator.Build.0 = Release|Any CPU
		{F99FC914-3341-47CF-B1A0-0FD7AF4863A7}.Release|x64.ActiveCfg = Release|Any CPU
		{F99FC914-3341-47CF-B1A0-0FD7AF4863A7}.Release|x64.Build.0 = Release|Any CPU
		{F99FC914-3341-47CF-B1A0-0FD7AF4863A7}.Release|x86.ActiveCfg = Release|Any CPU
		{F99FC914-3341-47CF-B1A0-0FD7AF4863A7}.Release|x86.Build.0 = Release|Any CPU
		{B9890C25-6722-41D6-9CF6-AB81663ADF64}.Debug|Any CPU.ActiveCfg = Debug|Any CPU
		{B9890C25-6722-41D6-9CF6-AB81663ADF64}.Debug|Any CPU.Build.0 = Debug|Any CPU
		{B9890C25-6722-41D6-9CF6-AB81663ADF64}.Debug|ARM.ActiveCfg = Debug|Any CPU
		{B9890C25-6722-41D6-9CF6-AB81663ADF64}.Debug|ARM.Build.0 = Debug|Any CPU
		{B9890C25-6722-41D6-9CF6-AB81663ADF64}.Debug|iPhone.ActiveCfg = Debug|Any CPU
		{B9890C25-6722-41D6-9CF6-AB81663ADF64}.Debug|iPhone.Build.0 = Debug|Any CPU
		{B9890C25-6722-41D6-9CF6-AB81663ADF64}.Debug|iPhoneSimulator.ActiveCfg = Debug|Any CPU
		{B9890C25-6722-41D6-9CF6-AB81663ADF64}.Debug|iPhoneSimulator.Build.0 = Debug|Any CPU
		{B9890C25-6722-41D6-9CF6-AB81663ADF64}.Debug|x64.ActiveCfg = Debug|Any CPU
		{B9890C25-6722-41D6-9CF6-AB81663ADF64}.Debug|x64.Build.0 = Debug|Any CPU
		{B9890C25-6722-41D6-9CF6-AB81663ADF64}.Debug|x86.ActiveCfg = Debug|Any CPU
		{B9890C25-6722-41D6-9CF6-AB81663ADF64}.Debug|x86.Build.0 = Debug|Any CPU
		{B9890C25-6722-41D6-9CF6-AB81663ADF64}.Release|Any CPU.ActiveCfg = Release|Any CPU
		{B9890C25-6722-41D6-9CF6-AB81663ADF64}.Release|Any CPU.Build.0 = Release|Any CPU
		{B9890C25-6722-41D6-9CF6-AB81663ADF64}.Release|ARM.ActiveCfg = Release|Any CPU
		{B9890C25-6722-41D6-9CF6-AB81663ADF64}.Release|ARM.Build.0 = Release|Any CPU
		{B9890C25-6722-41D6-9CF6-AB81663ADF64}.Release|iPhone.ActiveCfg = Release|Any CPU
		{B9890C25-6722-41D6-9CF6-AB81663ADF64}.Release|iPhone.Build.0 = Release|Any CPU
		{B9890C25-6722-41D6-9CF6-AB81663ADF64}.Release|iPhoneSimulator.ActiveCfg = Release|Any CPU
		{B9890C25-6722-41D6-9CF6-AB81663ADF64}.Release|iPhoneSimulator.Build.0 = Release|Any CPU
		{B9890C25-6722-41D6-9CF6-AB81663ADF64}.Release|x64.ActiveCfg = Release|Any CPU
		{B9890C25-6722-41D6-9CF6-AB81663ADF64}.Release|x64.Build.0 = Release|Any CPU
		{B9890C25-6722-41D6-9CF6-AB81663ADF64}.Release|x86.ActiveCfg = Release|Any CPU
		{B9890C25-6722-41D6-9CF6-AB81663ADF64}.Release|x86.Build.0 = Release|Any CPU
	EndGlobalSection
	GlobalSection(SolutionProperties) = preSolution
		HideSolutionNode = FALSE
	EndGlobalSection
	GlobalSection(NestedProjects) = preSolution
		{AF9F3B32-8999-4316-9A5A-6223DBC94F03} = {6C7E2CC0-DA4E-4206-B9B2-7C8CFA86DEA1}
		{9B84B581-323B-4E70-848E-1F174432C702} = {6C7E2CC0-DA4E-4206-B9B2-7C8CFA86DEA1}
		{450F71C3-1744-48F0-B4E3-65CD19BD49E1} = {6C7E2CC0-DA4E-4206-B9B2-7C8CFA86DEA1}
		{B6DE9103-973E-4E31-9EB3-F9AEC4AEE7CA} = {6C7E2CC0-DA4E-4206-B9B2-7C8CFA86DEA1}
		{F8F18404-A687-4A41-9884-986D15A9AC8E} = {CBDE2A30-EF68-4856-AD1C-4A0A12CCC201}
		{53BFBE3A-A31D-44BD-9E3D-1CDC7CD0BAFE} = {CBDE2A30-EF68-4856-AD1C-4A0A12CCC201}
		{0FE5AAEF-B74D-4103-8481-FEAAF0ED7EA8} = {CBDE2A30-EF68-4856-AD1C-4A0A12CCC201}
		{426337C1-EC90-4103-BA7E-773070D1B546} = {CBDE2A30-EF68-4856-AD1C-4A0A12CCC201}
		{F99FC914-3341-47CF-B1A0-0FD7AF4863A7} = {CBDE2A30-EF68-4856-AD1C-4A0A12CCC201}
		{B9890C25-6722-41D6-9CF6-AB81663ADF64} = {9184C4E9-55F7-4320-B9A4-27891AE38A74}
	EndGlobalSection
	GlobalSection(ExtensibilityGlobals) = postSolution
		SolutionGuid = {0229A645-7676-49AA-BC5C-E7338D6B3492}
	EndGlobalSection
EndGlobal
